
Microsoft Visual Studio Solution File, Format Version 12.00
# Visual Studio Version 16
VisualStudioVersion = 16.0.31624.102
MinimumVisualStudioVersion = 10.0.40219.1
Project("{FAE04EC0-301F-11D3-BF4B-00C04F79EFBC}") = "Student", "Student\Student.csproj", "{280BE1EA-584F-41C7-96B5-9C09DDD206E2}"
EndProject
Global
	GlobalSection(SolutionConfigurationPlatforms) = preSolution
		Debug|Any CPU = Debug|Any CPU
		Release|Any CPU = Release|Any CPU
	EndGlobalSection
	GlobalSection(ProjectConfigurationPlatforms) = postSolution
		{280BE1EA-584F-41C7-96B5-9C09DDD206E2}.Debug|Any CPU.ActiveCfg = Debug|Any CPU
		{280BE1EA-584F-41C7-96B5-9C09DDD206E2}.Debug|Any CPU.Build.0 = Debug|Any CPU
		{280BE1EA-584F-41C7-96B5-9C09DDD206E2}.Release|Any CPU.ActiveCfg = Release|Any CPU
		{280BE1EA-584F-41C7-96B5-9C09DDD206E2}.Release|Any CPU.Build.0 = Release|Any CPU
	EndGlobalSection
	GlobalSection(SolutionProperties) = preSolution
		HideSolutionNode = FALSE
	EndGlobalSection
	GlobalSection(ExtensibilityGlobals) = postSolution
		SolutionGuid = {134A5F50-8EC9-40DF-BC17-5636CE12A879}
	EndGlobalSection
EndGlobal
